
Microsoft Visual Studio Solution File, Format Version 12.00
# Visual Studio Version 16
VisualStudioVersion = 16.0.29926.136
MinimumVisualStudioVersion = 10.0.40219.1
Project("{FAE04EC0-301F-11D3-BF4B-00C04F79EFBC}") = "WebApp90", "WebApp90\WebApp90.csproj", "{E52166BE-70C3-45D0-AE89-153C02707150}"
EndProject
Global
	GlobalSection(SolutionConfigurationPlatforms) = preSolution
		Debug|Any CPU = Debug|Any CPU
		Release|Any CPU = Release|Any CPU
	EndGlobalSection
	GlobalSection(ProjectConfigurationPlatforms) = postSolution
		{E52166BE-70C3-45D0-AE89-153C02707150}.Debug|Any CPU.ActiveCfg = Debug|Any CPU
		{E52166BE-70C3-45D0-AE89-153C02707150}.Debug|Any CPU.Build.0 = Debug|Any CPU
		{E52166BE-70C3-45D0-AE89-153C02707150}.Release|Any CPU.ActiveCfg = Release|Any CPU
		{E52166BE-70C3-45D0-AE89-153C02707150}.Release|Any CPU.Build.0 = Release|Any CPU
	EndGlobalSection
	GlobalSection(SolutionProperties) = preSolution
		HideSolutionNode = FALSE
	EndGlobalSection
	GlobalSection(ExtensibilityGlobals) = postSolution
		SolutionGuid = {D7D09D9E-7C9A-4BE0-A8E1-519B4F077865}
	EndGlobalSection
EndGlobal
